<?xml version="1.0" encoding="UTF-8"?>
<Scheme
   LastUpgradeVersion = "0620"
   version = "2.0">
   <BuildAction
      parallelizeBuildables = "YES"
      buildImplicitDependencies = "YES">
      <BuildActionEntries>
         <BuildActionEntry
            buildForTesting = "YES"
            buildForRunning = "YES"
            buildForProfiling = "YES"
            buildForArchiving = "YES"
            buildForAnalyzing = "YES">
            <BuildableReference
               BuildableIdentifier = "primary"
               BlueprintIdentifier = "83C00D8C1ABF416D00B7BE06"
               BuildableName = "Hue Watch WatchKit App.app"
               BlueprintName = "Hue Watch WatchKit App"
               ReferencedContainer = "container:Hue Watch.xcodeproj">
            </BuildableReference>
         </BuildActionEntry>
         <BuildActionEntry
            buildForTesting = "YES"
            buildForRunning = "YES"
            buildForProfiling = "YES"
            buildForArchiving = "YES"
            buildForAnalyzing = "YES">
            <BuildableReference
               BuildableIdentifier = "primary"
               BlueprintIdentifier = "83C00D4A1ABF412300B7BE06"
               BuildableName = "Hue Watch.app"
               BlueprintName = "Hue Watch"
               ReferencedContainer = "container:Hue Watch.xcodeproj">
            </BuildableReference>
         </BuildActionEntry>
         <BuildActionEntry
            buildForTesting = "YES"
            buildForRunning = "YES"
            buildForProfiling = "YES"
            buildForArchiving = "YES"
            buildForAnalyzing = "YES">
            <BuildableReference
               BuildableIdentifier = "primary"
               BlueprintIdentifier = "83C00D7A1ABF416C00B7BE06"
               BuildableName = "Hue Watch WatchKit Extension.appex"
               BlueprintName = "Hue Watch WatchKit Extension"
               ReferencedContainer = "container:Hue Watch.xcodeproj">
            </BuildableReference>
         </BuildActionEntry>
      </BuildActionEntries>
   </BuildAction>
   <TestAction
      selectedDebuggerIdentifier = "Xcode.DebuggerFoundation.Debugger.LLDB"
      selectedLauncherIdentifier = "Xcode.DebuggerFoundation.Launcher.LLDB"
      shouldUseLaunchSchemeArgsEnv = "YES"
      buildConfiguration = "Debug">
      <Testables>
      </Testables>
      <MacroExpansion>
         <BuildableReference
            BuildableIdentifier = "primary"
            BlueprintIdentifier = "83C00D8C1ABF416D00B7BE06"
            BuildableName = "Hue Watch WatchKit App.app"
            BlueprintName = "Hue Watch WatchKit App"
            ReferencedContainer = "container:Hue Watch.xcodeproj">
         </BuildableReference>
      </MacroExpansion>
   </TestAction>
   <LaunchAction
      selectedDebuggerIdentifier = "Xcode.DebuggerFoundation.Debugger.LLDB"
      selectedLauncherIdentifier = "Xcode.DebuggerFoundation.Launcher.LLDB"
      launchStyle = "0"
      useCustomWorkingDirectory = "NO"
      buildConfiguration = "Debug"
      ignoresPersistentStateOnLaunch = "NO"
      debugDocumentVersioning = "YES"
      allowLocationSimulation = "YES"
      launchAutomaticallySubstyle = "4"
      notificationPayloadFile = "Hue Watch WatchKit Extension/PushNotificationPayload.apns">
      <RemoteRunnable
         runnableDebuggingMode = "2"
         BundleIdentifier = "com.apple.springboard"
         RemotePath = "/Hue Watch">
         <BuildableReference
            BuildableIdentifier = "primary"
            BlueprintIdentifier = "83C00D8C1ABF416D00B7BE06"
            BuildableName = "Hue Watch WatchKit App.app"
            BlueprintName = "Hue Watch WatchKit App"
            ReferencedContainer = "container:Hue Watch.xcodeproj">
         </BuildableReference>
      </RemoteRunnable>
      <MacroExpansion>
         <BuildableReference
            BuildableIdentifier = "primary"
            BlueprintIdentifier = "83C00D8C1ABF416D00B7BE06"
            BuildableName = "Hue Watch WatchKit App.app"
            BlueprintName = "Hue Watch WatchKit App"
            ReferencedContainer = "container:Hue Watch.xcodeproj">
         </BuildableReference>
      </MacroExpansion>
      <AdditionalOptions>
      </AdditionalOptions>
   </LaunchAction>
   <ProfileAction
      shouldUseLaunchSchemeArgsEnv = "YES"
      savedToolIdentifier = ""
      useCustomWorkingDirectory = "NO"
      buildConfiguration = "Release"
      debugDocumentVersioning = "YES">
      <RemoteRunnable
         runnableDebuggingMode = "2"
         BundleIdentifier = "com.apple.springboard"
         RemotePath = "/Hue Watch">
         <BuildableReference
            BuildableIdentifier = "primary"
            BlueprintIdentifier = "83C00D8C1ABF416D00B7BE06"
            BuildableName = "Hue Watch WatchKit App.app"
            BlueprintName = "Hue Watch WatchKit App"
            ReferencedContainer = "container:Hue Watch.xcodeproj">
         </BuildableReference>
      </RemoteRunnable>
      <MacroExpansion>
         <BuildableReference
            BuildableIdentifier = "primary"
            BlueprintIdentifier = "83C00D8C1ABF416D00B7BE06"
            BuildableName = "Hue Watch WatchKit App.app"
            BlueprintName = "Hue Watch WatchKit App"
            ReferencedContainer = "container:Hue Watch.xcodeproj">
         </BuildableReference>
      </MacroExpansion>
   </ProfileAction>
   <AnalyzeAction
      buildConfiguration = "Debug">
   </AnalyzeAction>
   <ArchiveAction
      buildConfiguration = "Release"
      revealArchiveInOrganizer = "YES">
   </ArchiveAction>
</Scheme>
